
Microsoft Visual Studio Solution File, Format Version 12.00
# Visual Studio 14
VisualStudioVersion = 14.0.25420.1
MinimumVisualStudioVersion = 10.0.40219.1
Project("{FAE04EC0-301F-11D3-BF4B-00C04F79EFBC}") = "VisualSVN-Agent", "VisualSVN-Agent\VisualSVN-Agent.csproj", "{2D6B7789-B618-4108-8827-49E00E2EDDB4}"
EndProject
Project("{54435603-DBB4-11D2-8724-00A0C9A8B90C}") = "VisualSVN-Agent-Install", "VisualSVN-Agent-Install\VisualSVN-Agent-Install.vdproj", "{22E79260-6689-4523-87E2-1B0D676F1B99}"
EndProject
Global
	GlobalSection(SolutionConfigurationPlatforms) = preSolution
		CD_ROM|Any CPU = CD_ROM|Any CPU
		CD_ROM|x86 = CD_ROM|x86
		Debug|Any CPU = Debug|Any CPU
		Debug|x86 = Debug|x86
		DVD-5|Any CPU = DVD-5|Any CPU
		DVD-5|x86 = DVD-5|x86
		Release|Any CPU = Release|Any CPU
		Release|x86 = Release|x86
		SingleImage|Any CPU = SingleImage|Any CPU
		SingleImage|x86 = SingleImage|x86
	EndGlobalSection
	GlobalSection(ProjectConfigurationPlatforms) = postSolution
		{2D6B7789-B618-4108-8827-49E00E2EDDB4}.CD_ROM|Any CPU.ActiveCfg = Release|Any CPU
		{2D6B7789-B618-4108-8827-49E00E2EDDB4}.CD_ROM|Any CPU.Build.0 = Release|Any CPU
		{2D6B7789-B618-4108-8827-49E00E2EDDB4}.CD_ROM|x86.ActiveCfg = Release|x86
		{2D6B7789-B618-4108-8827-49E00E2EDDB4}.CD_ROM|x86.Build.0 = Release|x86
		{2D6B7789-B618-4108-8827-49E00E2EDDB4}.Debug|Any CPU.ActiveCfg = Debug|Any CPU
		{2D6B7789-B618-4108-8827-49E00E2EDDB4}.Debug|Any CPU.Build.0 = Debug|Any CPU
		{2D6B7789-B618-4108-8827-49E00E2EDDB4}.Debug|x86.ActiveCfg = Debug|x86
		{2D6B7789-B618-4108-8827-49E00E2EDDB4}.Debug|x86.Build.0 = Debug|x86
		{2D6B7789-B618-4108-8827-49E00E2EDDB4}.DVD-5|Any CPU.ActiveCfg = Debug|Any CPU
		{2D6B7789-B618-4108-8827-49E00E2EDDB4}.DVD-5|Any CPU.Build.0 = Debug|Any CPU
		{2D6B7789-B618-4108-8827-49E00E2EDDB4}.DVD-5|x86.ActiveCfg = Debug|x86
		{2D6B7789-B618-4108-8827-49E00E2EDDB4}.DVD-5|x86.Build.0 = Debug|x86
		{2D6B7789-B618-4108-8827-49E00E2EDDB4}.Release|Any CPU.ActiveCfg = Release|Any CPU
		{2D6B7789-B618-4108-8827-49E00E2EDDB4}.Release|Any CPU.Build.0 = Release|Any CPU
		{2D6B7789-B618-4108-8827-49E00E2EDDB4}.Release|x86.ActiveCfg = Release|x86
		{2D6B7789-B618-4108-8827-49E00E2EDDB4}.Release|x86.Build.0 = Release|x86
		{2D6B7789-B618-4108-8827-49E00E2EDDB4}.SingleImage|Any CPU.ActiveCfg = Release|Any CPU
		{2D6B7789-B618-4108-8827-49E00E2EDDB4}.SingleImage|Any CPU.Build.0 = Release|Any CPU
		{2D6B7789-B618-4108-8827-49E00E2EDDB4}.SingleImage|x86.ActiveCfg = Release|x86
		{2D6B7789-B618-4108-8827-49E00E2EDDB4}.SingleImage|x86.Build.0 = Release|x86
		{22E79260-6689-4523-87E2-1B0D676F1B99}.CD_ROM|Any CPU.ActiveCfg = Release
		{22E79260-6689-4523-87E2-1B0D676F1B99}.CD_ROM|x86.ActiveCfg = Release
		{22E79260-6689-4523-87E2-1B0D676F1B99}.Debug|Any CPU.ActiveCfg = Debug
		{22E79260-6689-4523-87E2-1B0D676F1B99}.Debug|x86.ActiveCfg = Debug
		{22E79260-6689-4523-87E2-1B0D676F1B99}.DVD-5|Any CPU.ActiveCfg = Debug
		{22E79260-6689-4523-87E2-1B0D676F1B99}.DVD-5|x86.ActiveCfg = Debug
		{22E79260-6689-4523-87E2-1B0D676F1B99}.Release|Any CPU.ActiveCfg = Release
		{22E79260-6689-4523-87E2-1B0D676F1B99}.Release|x86.ActiveCfg = Release
		{22E79260-6689-4523-87E2-1B0D676F1B99}.SingleImage|Any CPU.ActiveCfg = Release
		{22E79260-6689-4523-87E2-1B0D676F1B99}.SingleImage|x86.ActiveCfg = Release
	EndGlobalSection
	GlobalSection(SolutionProperties) = preSolution
		HideSolutionNode = FALSE
	EndGlobalSection
EndGlobal
